
Microsoft Visual Studio Solution File, Format Version 12.00
# Visual Studio Version 16
VisualStudioVersion = 16.0.31005.135
MinimumVisualStudioVersion = 10.0.40219.1
Project("{FAE04EC0-301F-11D3-BF4B-00C04F79EFBC}") = "Clock", "Clock\Clock.csproj", "{503FCD79-5D82-4473-A6B2-4914DE6D5235}"
EndProject
Global
	GlobalSection(SolutionConfigurationPlatforms) = preSolution
		Debug|Any CPU = Debug|Any CPU
		Release|Any CPU = Release|Any CPU
	EndGlobalSection
	GlobalSection(ProjectConfigurationPlatforms) = postSolution
		{503FCD79-5D82-4473-A6B2-4914DE6D5235}.Debug|Any CPU.ActiveCfg = Debug|Any CPU
		{503FCD79-5D82-4473-A6B2-4914DE6D5235}.Debug|Any CPU.Build.0 = Debug|Any CPU
		{503FCD79-5D82-4473-A6B2-4914DE6D5235}.Release|Any CPU.ActiveCfg = Release|Any CPU
		{503FCD79-5D82-4473-A6B2-4914DE6D5235}.Release|Any CPU.Build.0 = Release|Any CPU
	EndGlobalSection
	GlobalSection(SolutionProperties) = preSolution
		HideSolutionNode = FALSE
	EndGlobalSection
	GlobalSection(ExtensibilityGlobals) = postSolution
		SolutionGuid = {88E1E24E-8F2A-4181-9273-03D7B8BBFB3C}
	EndGlobalSection
EndGlobal
